# This file is generated by running "yarn install" inside your project.
# Manual changes might be lost - proceed with caution!

__metadata:
  version: 9
  cacheKey: 10c0

"@abp/aspnetcore.mvc.ui.theme.shared@npm:~10.3.0":
  version: 10.3.0
  resolution: "@abp/aspnetcore.mvc.ui.theme.shared@npm:10.3.0"
  dependencies:
    "@abp/aspnetcore.mvc.ui": "npm:~10.3.0"
    "@abp/bootstrap": "npm:~10.3.0"
    "@abp/bootstrap-datepicker": "npm:~10.3.0"
    "@abp/bootstrap-daterangepicker": "npm:~10.3.0"
    "@abp/datatables.net-bs5": "npm:~10.3.0"
    "@abp/font-awesome": "npm:~10.3.0"
    "@abp/jquery-validation-unobtrusive": "npm:~10.3.0"
    "@abp/lodash": "npm:~10.3.0"
    "@abp/luxon": "npm:~10.3.0"
    "@abp/malihu-custom-scrollbar-plugin": "npm:~10.3.0"
    "@abp/moment": "npm:~10.3.0"
    "@abp/select2": "npm:~10.3.0"
    "@abp/sweetalert2": "npm:~10.3.0"
    "@abp/timeago": "npm:~10.3.0"
  checksum: 10c0/84dadb9ffc400a6577897ef5bf7dcbb320eecee35bc5802cc26a1676a587a0546e889a0d8ab8d9b6a556e361b9ae2970772d91ab8b042ad35783e2ea42dd43f0
  languageName: node
  linkType: hard

"@abp/aspnetcore.mvc.ui@npm:~10.3.0":
  version: 10.3.0
  resolution: "@abp/aspnetcore.mvc.ui@npm:10.3.0"
  dependencies:
    ansi-colors: "npm:^4.1.3"
  checksum: 10c0/10fd3ff20deef08c52323146a6b88ab2e56fd823d65be03907dde4eea446c007fa57438279625ad5a8ddc0781965d8f2a2c7831fd06269fcbf86941ca01cdb6b
  languageName: node
  linkType: hard

"@abp/bootstrap-datepicker@npm:~10.3.0":
  version: 10.3.0
  resolution: "@abp/bootstrap-datepicker@npm:10.3.0"
  dependencies:
    bootstrap-datepicker: "npm:^1.10.1"
  checksum: 10c0/0debb23934715f17110d5d3a0396e8657d7de276fecac5c71271ea5ad592330393a6c549474fcebfb52f78ad6feb0529a2e6537894fcc328698dd446125801ad
  languageName: node
  linkType: hard

"@abp/bootstrap-daterangepicker@npm:~10.3.0":
  version: 10.3.0
  resolution: "@abp/bootstrap-daterangepicker@npm:10.3.0"
  dependencies:
    "@abp/moment": "npm:~10.3.0"
    bootstrap-daterangepicker: "npm:^3.1.0"
  checksum: 10c0/de98e86a3c3d2f6cfe9cf3960e8382ad5f15493688084336c4bae6fd150e86d6c7a7e9c500b4f29084c625664b92d88598e3d82df26464aa265844ef4186228a
  languageName: node
  linkType: hard

"@abp/bootstrap@npm:~10.3.0":
  version: 10.3.0
  resolution: "@abp/bootstrap@npm:10.3.0"
  dependencies:
    "@abp/core": "npm:~10.3.0"
    "@abp/popper.js": "npm:~10.3.0"
    bootstrap: "npm:^5.3.8"
  checksum: 10c0/3a438573f28281fbfa1e2e538334104d7d792514d607c83f9181dcfe1f886a99e777dbb3d473371bcd1ae1ce5c33dfd7e0682b98aa5a6802eebc70e818127949
  languageName: node
  linkType: hard

"@abp/core@npm:~10.3.0":
  version: 10.3.0
  resolution: "@abp/core@npm:10.3.0"
  dependencies:
    "@abp/utils": "npm:~10.3.0"
  checksum: 10c0/92bb14595f26d018d3d9dd177ea99c744f8d5d09c4b13881f519cb85f2256d96462c7a3681ded097609208fa532decff8a69ca7d76c1a13eccc3f1713b4fb828
  languageName: node
  linkType: hard

"@abp/cropperjs@npm:~10.3.0":
  version: 10.3.0
  resolution: "@abp/cropperjs@npm:10.3.0"
  dependencies:
    "@abp/core": "npm:~10.3.0"
    cropperjs: "npm:^1.6.2"
  checksum: 10c0/cdc72d0297148e31fc055ac72ff92996a02d0af617d9e07d9eabc7c90a76ee5304a5975e2d60a046672249fd44e9a0e93dca808b0b73060190866baf153b08f2
  languageName: node
  linkType: hard

"@abp/datatables.net-bs5@npm:~10.3.0":
  version: 10.3.0
  resolution: "@abp/datatables.net-bs5@npm:10.3.0"
  dependencies:
    "@abp/datatables.net": "npm:~10.3.0"
    datatables.net-bs5: "npm:^2.3.4"
  checksum: 10c0/aa20f02e828cedd343a51c6faa59030b867f8fc6eadfd822986b77352dd63937953e8d3c5a7dfee02f43ed67199130cd26065f26b40367e79074d0dfd4301da6
  languageName: node
  linkType: hard

"@abp/datatables.net@npm:~10.3.0":
  version: 10.3.0
  resolution: "@abp/datatables.net@npm:10.3.0"
  dependencies:
    "@abp/jquery": "npm:~10.3.0"
    datatables.net: "npm:^2.3.4"
  checksum: 10c0/759282ad02c1e6e10cb19251562e6e17c7563c86e318e19e2d95c4846eca87d86df2630768fbe8e310296c5ce784a3a354f952dec25dbeed21b5f35d2512cbbd
  languageName: node
  linkType: hard

"@abp/font-awesome@npm:~10.3.0":
  version: 10.3.0
  resolution: "@abp/font-awesome@npm:10.3.0"
  dependencies:
    "@abp/core": "npm:~10.3.0"
    "@fortawesome/fontawesome-free": "npm:^7.0.1"
  checksum: 10c0/a98a6ce048bfbc989f9c50869e4af381f394dc8520732069bef851a4f96534423df07bfb2eaf0a6eb7070e37819d60b799898f2280fa56de3b2b1b199d9bd2ed
  languageName: node
  linkType: hard

"@abp/jquery-validation-unobtrusive@npm:~10.3.0":
  version: 10.3.0
  resolution: "@abp/jquery-validation-unobtrusive@npm:10.3.0"
  dependencies:
    "@abp/jquery-validation": "npm:~10.3.0"
    jquery-validation-unobtrusive: "npm:^4.0.0"
  checksum: 10c0/94db66099a34c76f7a3c86b94bfa683307dd7bc8e7097f7696f1abbe25fa9b0a445119e19f44e6834fb225422efc189936f1e1b846bfee7595cc2ea4535dc80a
  languageName: node
  linkType: hard

"@abp/jquery-validation@npm:~10.3.0":
  version: 10.3.0
  resolution: "@abp/jquery-validation@npm:10.3.0"
  dependencies:
    "@abp/jquery": "npm:~10.3.0"
    jquery-validation: "npm:^1.21.0"
  checksum: 10c0/f756738daf86f9cebb5343e75c526378d3a8fdc22e45f1b966720e21e66a91a4db2de7cbaead499d0ac1b8585ac37d0582a4f8b5e921475f5676a882ac1b418e
  languageName: node
  linkType: hard

"@abp/jquery@npm:~10.3.0":
  version: 10.3.0
  resolution: "@abp/jquery@npm:10.3.0"
  dependencies:
    "@abp/core": "npm:~10.3.0"
    jquery: "npm:~3.7.1"
  checksum: 10c0/98316d1c7df8dba54841c941d9378b15b7b4c9b3ecbeb37bd203cdefdcf10f9774e038d0e39f4e98318e9e50f4921e015b25563f691c9b8c1f572a2fabf7dc77
  languageName: node
  linkType: hard

"@abp/lodash@npm:~10.3.0":
  version: 10.3.0
  resolution: "@abp/lodash@npm:10.3.0"
  dependencies:
    "@abp/core": "npm:~10.3.0"
    lodash: "npm:^4.17.21"
  checksum: 10c0/739d8c3baecd4a7d6d5788ca80ebcbee44d9dfe1bdf023f1deeb57eeccebdcffab40f8b5bc8aaa2daaa01cc08e6d49f11586dcc0d0c11c5081ca0597f468bbe0
  languageName: node
  linkType: hard

"@abp/luxon@npm:~10.3.0":
  version: 10.3.0
  resolution: "@abp/luxon@npm:10.3.0"
  dependencies:
    "@abp/core": "npm:~10.3.0"
    luxon: "npm:^3.7.2"
  checksum: 10c0/3be76c6b994f8da96fb50c3d052c9c478e3d4518473dbb485a5c58d53251d3648c31e4948e24b7447bedc666c3a2c913c9857eacbe670ec6794f868fcb459d6e
  languageName: node
  linkType: hard

"@abp/malihu-custom-scrollbar-plugin@npm:~10.3.0":
  version: 10.3.0
  resolution: "@abp/malihu-custom-scrollbar-plugin@npm:10.3.0"
  dependencies:
    "@abp/core": "npm:~10.3.0"
    malihu-custom-scrollbar-plugin: "npm:^3.1.5"
  checksum: 10c0/d5e30e2be58629160ba15f840796bfc7282a5d07f151a40f27a9881a9107686e15ef02ee414fdfedd2e8067ad04889593d6fa7b2127965db00aaad644b90e773
  languageName: node
  linkType: hard

"@abp/moment@npm:~10.3.0":
  version: 10.3.0
  resolution: "@abp/moment@npm:10.3.0"
  dependencies:
    moment: "npm:^2.30.1"
  checksum: 10c0/059e0eb5946e2fa9669efd3d08abe2b1af8aec87565e1be0b5b81af313d5d702a15696a2cee70e94eb8d7258bd57fcc17c5e329201ad4bc4ed794722f2c14c08
  languageName: node
  linkType: hard

"@abp/popper.js@npm:~10.3.0":
  version: 10.3.0
  resolution: "@abp/popper.js@npm:10.3.0"
  dependencies:
    "@abp/core": "npm:~10.3.0"
    "@popperjs/core": "npm:^2.11.8"
  checksum: 10c0/cd892fe8126d620c69eb51e5f492e3766b13ab376b210169063e5ab4762cc6123b503aaf1acb36ee3790873b7abbbeac9e6c06206f13662b0d83932ad741fbbc
  languageName: node
  linkType: hard

"@abp/qrcode@npm:~10.3.0":
  version: 10.3.0
  resolution: "@abp/qrcode@npm:10.3.0"
  dependencies:
    "@abp/core": "npm:~10.3.0"
  checksum: 10c0/406d391612fe6557814735a25c2e948b793e42ee05cb4d70ee053e57446046e045239a79de0cf928e303b4776b1165ef18247fa26d9b13271fd23a45a9ae0266
  languageName: node
  linkType: hard

"@abp/select2@npm:~10.3.0":
  version: 10.3.0
  resolution: "@abp/select2@npm:10.3.0"
  dependencies:
    "@abp/core": "npm:~10.3.0"
    select2: "npm:^4.0.13"
  checksum: 10c0/fa2d6cd9aec49313fb0fbfc45c1fcbf0600b1f3eab00dc78dfabbc03f2f2843af7dcf8f8505e02e216edadf0aaccfe1d970a9afb496ec16eb6a888686770a798
  languageName: node
  linkType: hard

"@abp/sweetalert2@npm:~10.3.0":
  version: 10.3.0
  resolution: "@abp/sweetalert2@npm:10.3.0"
  dependencies:
    "@abp/core": "npm:~10.3.0"
    sweetalert2: "npm:^11.23.0"
  checksum: 10c0/1f366edc3ebbc3f8c7f491077056505e6127c4523883c5455e97ebde812d4c2ac7d3228dfdb9b561f04e6fca2127a43c413eae40db673a7ab44be953116ddc0f
  languageName: node
  linkType: hard

"@abp/timeago@npm:~10.3.0":
  version: 10.3.0
  resolution: "@abp/timeago@npm:10.3.0"
  dependencies:
    "@abp/jquery": "npm:~10.3.0"
    timeago: "npm:^1.6.7"
  checksum: 10c0/9e7aee805e5d3c1eb8a05f5bd4e5a46ead150a47efffd963c1edd0fa441d63c90b0626ed018006a51dccb78793bb6d5ab8c755fe7c335e53318077f5837c0666
  languageName: node
  linkType: hard

"@abp/uppy@npm:~10.3.0":
  version: 10.3.0
  resolution: "@abp/uppy@npm:10.3.0"
  dependencies:
    "@abp/core": "npm:~10.3.0"
    uppy: "npm:^5.1.2"
  checksum: 10c0/c0df3cc34607500ca2b5764da52a443560e276135419ddf2150962bd06be9cffc3d882f0793edd4a2db10ab6dde33c7a6a15096b43908608613ad55bc37388aa
  languageName: node
  linkType: hard

"@abp/utils@npm:~10.3.0":
  version: 10.3.0
  resolution: "@abp/utils@npm:10.3.0"
  dependencies:
    just-compare: "npm:^2.3.0"
  checksum: 10c0/5ef6d1fddc83ec13eb2df7c7f3de079c1564680200fd0f8526e4b5c1b05cb6debcf9ac5535d9febfe0707a97c24b11f2643cb1402a1061d8d7087351594d975f
  languageName: node
  linkType: hard

"@abp/zxcvbn@npm:~10.3.0":
  version: 10.3.0
  resolution: "@abp/zxcvbn@npm:10.3.0"
  dependencies:
    "@abp/core": "npm:~10.3.0"
    zxcvbn: "npm:^4.4.2"
  checksum: 10c0/a27ae28dbb9e01528bd9e050c65b2b109a9f2447e29d77aa10c45091f02830b3744fe2ecceb1855101838f6cddaecfc1d8e1046e596bea014c33e11ba70c4510
  languageName: node
  linkType: hard

"@fortawesome/fontawesome-free@npm:^7.0.1":
  version: 7.2.0
  resolution: "@fortawesome/fontawesome-free@npm:7.2.0"
  checksum: 10c0/fc95989739857a2622c993929c6748c8c7eac3b490b0de6beb843b0b6a5de99f1e99c92901706c73e4da6be9413853a7382dfe82d2313c217489210a5b9965ed
  languageName: node
  linkType: hard

"@popperjs/core@npm:^2.11.8":
  version: 2.11.8
  resolution: "@popperjs/core@npm:2.11.8"
  checksum: 10c0/4681e682abc006d25eb380d0cf3efc7557043f53b6aea7a5057d0d1e7df849a00e281cd8ea79c902a35a414d7919621fc2ba293ecec05f413598e0b23d5a1e63
  languageName: node
  linkType: hard

"@transloadit/prettier-bytes@npm:^0.3.4":
  version: 0.3.5
  resolution: "@transloadit/prettier-bytes@npm:0.3.5"
  checksum: 10c0/d00f40ef305388d805004540a51a3b6502a68684415daab5de618dd551d246661d898749e4cabaf60915510f854763f78289ad1c64388f68497dfdc3f558b19b
  languageName: node
  linkType: hard

"@transloadit/types@npm:^4.1.3":
  version: 4.3.0
  resolution: "@transloadit/types@npm:4.3.0"
  checksum: 10c0/02ea23a048332d680eb3650b2ed9a79805c1bf41c77707c3c086cb514d051afc5aaeb017fccabec0220e62b9d1761bf3b868d2cda278c8217cfa891af87d245d
  languageName: node
  linkType: hard

"@types/retry@npm:0.12.2":
  version: 0.12.2
  resolution: "@types/retry@npm:0.12.2"
  checksum: 10c0/07481551a988cc90b423351919928b9ddcd14e3f5591cac3ab950851bb20646e55a10e89141b38bc3093d2056d4df73700b22ff2612976ac86a6367862381884
  languageName: node
  linkType: hard

"@uppy/audio@npm:3.1.0":
  version: 3.1.0
  resolution: "@uppy/audio@npm:3.1.0"
  dependencies:
    "@uppy/utils": "npm:^7.1.4"
    preact: "npm:^10.5.13"
  peerDependencies:
    "@uppy/core": ^5.2.0
  checksum: 10c0/7ccc783a9c81f0fe11ec8fbad57345bd54c1679b97138f03de43ea8f38171cf28cadf21ff8f2ba9c64b6adc67c9f18514d8a328b891c8169cf4cbc91332ac5d5
  languageName: node
  linkType: hard

"@uppy/aws-s3@npm:5.1.0":
  version: 5.1.0
  resolution: "@uppy/aws-s3@npm:5.1.0"
  dependencies:
    "@uppy/companion-client": "npm:^5.1.1"
    "@uppy/utils": "npm:^7.1.4"
  peerDependencies:
    "@uppy/core": ^5.2.0
  checksum: 10c0/92db7c0fa1de4639de811778b556241a07c0b51d22edbc5f2f5ac5e66e506a5769878bb9f929064fd65dd9215f2e2e324179deac7da94ba7931065b711009035
  languageName: node
  linkType: hard

"@uppy/box@npm:4.1.0, @uppy/box@npm:^4.1.0":
  version: 4.1.0
  resolution: "@uppy/box@npm:4.1.0"
  dependencies:
    "@uppy/companion-client": "npm:^5.1.1"
    "@uppy/provider-views": "npm:^5.2.0"
    "@uppy/utils": "npm:^7.1.4"
    preact: "npm:^10.5.13"
  peerDependencies:
    "@uppy/core": ^5.2.0
  checksum: 10c0/0182f370d21022be8590d21cc86dc07ba3b5c50a95f3de483d04e5e2c9447dbd707caa8ce26b5c3c052a3593431c60c11fe6fd2b2abc1f9447163e56eba68152
  languageName: node
  linkType: hard

"@uppy/companion-client@npm:5.1.1, @uppy/companion-client@npm:^5.1.1":
  version: 5.1.1
  resolution: "@uppy/companion-client@npm:5.1.1"
  dependencies:
    "@uppy/utils": "npm:^7.1.1"
    namespace-emitter: "npm:^2.0.1"
    p-retry: "npm:^6.1.0"
  peerDependencies:
    "@uppy/core": ^5.1.1
  checksum: 10c0/f6b30e0554bfb0d7bd7571d98f938e10deeda2d2612316010550dfa5b410d5c8a89303ad05db5c3fe822c8be244d71f515da8f64b8e1099f1a0ec3a6cf8ad6ed
  languageName: node
  linkType: hard

"@uppy/compressor@npm:3.1.0":
  version: 3.1.0
  resolution: "@uppy/compressor@npm:3.1.0"
  dependencies:
    "@transloadit/prettier-bytes": "npm:^0.3.4"
    "@uppy/utils": "npm:^7.1.4"
    compressorjs: "npm:^1.2.1"
    preact: "npm:^10.5.13"
    promise-queue: "npm:^2.2.5"
  peerDependencies:
    "@uppy/core": ^5.2.0
  checksum: 10c0/7466965263407488d0c96ef441d9a66854e17fdde29dc971b642c4e9fa42b378883feaf90f313eab5eee4030f51119e2b181465a5ace9dc7176f7af668c08b44
  languageName: node
  linkType: hard

"@uppy/core@npm:5.2.0":
  version: 5.2.0
  resolution: "@uppy/core@npm:5.2.0"
  dependencies:
    "@transloadit/prettier-bytes": "npm:^0.3.4"
    "@uppy/store-default": "npm:^5.0.0"
    "@uppy/utils": "npm:^7.1.4"
    lodash: "npm:^4.17.21"
    mime-match: "npm:^1.0.2"
    namespace-emitter: "npm:^2.0.1"
    nanoid: "npm:^5.0.9"
    preact: "npm:^10.5.13"
  checksum: 10c0/a55a7b4e04d9584ba49eea6f36532281eeba14648fd714105d8d1b338de1bf1d565323929906a0aa775d6744cf8572ea8020412aea888433a445d6e5e7886441
  languageName: node
  linkType: hard

"@uppy/dashboard@npm:5.1.1, @uppy/dashboard@npm:^5.1.0":
  version: 5.1.1
  resolution: "@uppy/dashboard@npm:5.1.1"
  dependencies:
    "@transloadit/prettier-bytes": "npm:^0.3.4"
    "@uppy/provider-views": "npm:^5.2.2"
    "@uppy/thumbnail-generator": "npm:^5.1.0"
    "@uppy/utils": "npm:^7.1.5"
    classnames: "npm:^2.2.6"
    lodash: "npm:^4.17.23"
    nanoid: "npm:^5.0.9"
    preact: "npm:^10.26.10"
    shallow-equal: "npm:^3.0.0"
  peerDependencies:
    "@uppy/core": ^5.2.0
  checksum: 10c0/d86edc8d68e4d5a275caba3877f68d0ed9943487f68197fcd57a4315593d5d67a92a5e61419a3969883f8a1ac7ecae50d310f6b23a419674b9d19717b0c6a5f0
  languageName: node
  linkType: hard

"@uppy/drag-drop@npm:5.1.0":
  version: 5.1.0
  resolution: "@uppy/drag-drop@npm:5.1.0"
  dependencies:
    "@uppy/utils": "npm:^7.1.4"
    preact: "npm:^10.5.13"
  peerDependencies:
    "@uppy/core": ^5.2.0
  checksum: 10c0/adf099f3862026a9ffbf195a62a0b72f9b13fde5d040f12aa4f4a2ed3b6ec8def5b3433e5397f60970d80f5cdc171cad0b4094027a131a2e85d4065109ff598b
  languageName: node
  linkType: hard

"@uppy/drop-target@npm:4.1.0":
  version: 4.1.0
  resolution: "@uppy/drop-target@npm:4.1.0"
  dependencies:
    "@uppy/utils": "npm:^7.1.4"
  peerDependencies:
    "@uppy/core": ^5.2.0
  checksum: 10c0/62dc2f48c47837a8e931280c37a01c20874e175e23d318858e32adcc9521eef4d09a9c56b267ee1dbff3e22fd0c8afd75b286f3296d26503c4c81bb83f1d08c7
  languageName: node
  linkType: hard

"@uppy/dropbox@npm:5.1.0, @uppy/dropbox@npm:^5.1.0":
  version: 5.1.0
  resolution: "@uppy/dropbox@npm:5.1.0"
  dependencies:
    "@uppy/companion-client": "npm:^5.1.1"
    "@uppy/provider-views": "npm:^5.2.0"
    "@uppy/utils": "npm:^7.1.4"
    preact: "npm:^10.5.13"
  peerDependencies:
    "@uppy/core": ^5.2.0
  checksum: 10c0/fbacf753bd59f7a79aea8612f28391a12f3d0f0d2434aac332c678a6e2d066c0d4afb8d9bc82444286baa666ba97c141e32330903f5d1f9ca65aba49925bc517
  languageName: node
  linkType: hard

"@uppy/facebook@npm:5.1.0, @uppy/facebook@npm:^5.1.0":
  version: 5.1.0
  resolution: "@uppy/facebook@npm:5.1.0"
  dependencies:
    "@uppy/companion-client": "npm:^5.1.1"
    "@uppy/provider-views": "npm:^5.2.0"
    "@uppy/utils": "npm:^7.1.4"
    preact: "npm:^10.5.13"
  peerDependencies:
    "@uppy/core": ^5.2.0
  checksum: 10c0/96a88db9cc8cb6d1326eb15edefa923123d5de000d0e256760e7dfebf7b1d6793e29fad98a0979087ced80dfda0107c55c826b2c7fa6859145c135429e19b62b
  languageName: node
  linkType: hard

"@uppy/form@npm:5.1.0":
  version: 5.1.0
  resolution: "@uppy/form@npm:5.1.0"
  dependencies:
    "@uppy/utils": "npm:^7.1.4"
    get-form-data: "npm:^3.0.0"
  peerDependencies:
    "@uppy/core": ^5.2.0
  checksum: 10c0/683b149c5d617e72a3d5d7e5e06fd5b8b600c38f6b8c850dda0df0d594747c59637908b768827a9fca5d3323efa4b9b9296a32fb3d07d7b55a6a3b626d48df3b
  languageName: node
  linkType: hard

"@uppy/golden-retriever@npm:5.2.1":
  version: 5.2.1
  resolution: "@uppy/golden-retriever@npm:5.2.1"
  dependencies:
    "@uppy/utils": "npm:^7.1.5"
    lodash: "npm:^4.17.21"
  peerDependencies:
    "@uppy/core": ^5.2.0
  checksum: 10c0/3dbdf5af57c8584aaac09d68b6c699e40744b2eeccf2038ca4cded91f2cf65ffd69dce0404e78ee31293cfe8604d0744d81e8d4db5e95abc589f197e9aeb5560
  languageName: node
  linkType: hard

"@uppy/google-drive-picker@npm:1.1.1":
  version: 1.1.1
  resolution: "@uppy/google-drive-picker@npm:1.1.1"
  dependencies:
    "@uppy/companion-client": "npm:^5.1.1"
    "@uppy/provider-views": "npm:^5.2.2"
    "@uppy/utils": "npm:^7.1.5"
    preact: "npm:^10.5.13"
  peerDependencies:
    "@uppy/core": ^5.2.0
  checksum: 10c0/77917d3c86aa0bf4196a1310cafec2dffa9458a6c989e1aec0ea413afc574163f34495332e1488d113e88baf4fb733d7c39c23a9343295e1fa0e8e0eeccc2d60
  languageName: node
  linkType: hard

"@uppy/google-drive@npm:5.1.0, @uppy/google-drive@npm:^5.1.0":
  version: 5.1.0
  resolution: "@uppy/google-drive@npm:5.1.0"
  dependencies:
    "@uppy/companion-client": "npm:^5.1.1"
    "@uppy/provider-views": "npm:^5.2.0"
    "@uppy/utils": "npm:^7.1.4"
    preact: "npm:^10.5.13"
  peerDependencies:
    "@uppy/core": ^5.2.0
  checksum: 10c0/cccbdbc17380feaea5e8006d4bd95bcba89a9d05415e61c09cf16b7ac6ffa2a85baffa907108c7d5c519ff00046e7604690e5f963035d4428d86982a83793e7e
  languageName: node
  linkType: hard

"@uppy/google-photos-picker@npm:1.1.0":
  version: 1.1.0
  resolution: "@uppy/google-photos-picker@npm:1.1.0"
  dependencies:
    "@uppy/companion-client": "npm:^5.1.1"
    "@uppy/provider-views": "npm:^5.2.0"
    "@uppy/utils": "npm:^7.1.4"
    preact: "npm:^10.5.13"
  peerDependencies:
    "@uppy/core": ^5.2.0
  checksum: 10c0/aeaa54328a8a78cd748ed30f14870cad79df46ae99fee41e45728391031e0686b1e1f9523a32f5e362a67d285f38f6933658a5e52ff1b2e4c37dfb45819bd915
  languageName: node
  linkType: hard

"@uppy/image-editor@npm:4.2.0":
  version: 4.2.0
  resolution: "@uppy/image-editor@npm:4.2.0"
  dependencies:
    "@uppy/utils": "npm:^7.1.5"
    cropperjs: "npm:^1.6.2"
    preact: "npm:^10.26.10"
  peerDependencies:
    "@uppy/core": ^5.2.0
  checksum: 10c0/fe73af34ea961210198280568210d26bd27d933c4b95dc609d7f1605f37c2c37de61f149a000099d28d9a476ade8ac6a02678932a7e1e735b9edf8ad1b2fbc56
  languageName: node
  linkType: hard

"@uppy/image-generator@npm:1.0.0":
  version: 1.0.0
  resolution: "@uppy/image-generator@npm:1.0.0"
  dependencies:
    "@uppy/provider-views": "npm:^5.2.1"
    "@uppy/transloadit": "npm:^5.4.0"
    "@uppy/utils": "npm:^7.1.4"
    preact: "npm:^10.5.13"
  peerDependencies:
    "@uppy/core": ^5.2.0
  checksum: 10c0/359a467a910f960dc499828f25c90d188872d4107de02014339a0ae85d1153d7a2632c6110f73dc73c96fd410bb5a179f5c30091c3eaa9cb06aff88a1949937f
  languageName: node
  linkType: hard

"@uppy/instagram@npm:5.1.0, @uppy/instagram@npm:^5.1.0":
  version: 5.1.0
  resolution: "@uppy/instagram@npm:5.1.0"
  dependencies:
    "@uppy/companion-client": "npm:^5.1.1"
    "@uppy/provider-views": "npm:^5.2.0"
    "@uppy/utils": "npm:^7.1.4"
    preact: "npm:^10.5.13"
  peerDependencies:
    "@uppy/core": ^5.2.0
  checksum: 10c0/6dfbcf435a4b34ac800c10808d5a306ec31d168c2c2430bfb8fe6cb4baab5090bcd23998d58935d5f22e9af7bdb2ef9728550c0bdae98b5b19a688072aadd853
  languageName: node
  linkType: hard

"@uppy/locales@npm:5.1.1":
  version: 5.1.1
  resolution: "@uppy/locales@npm:5.1.1"
  dependencies:
    "@uppy/utils": "npm:^7.1.5"
  checksum: 10c0/9c81cfd13d5057de809cfc8b4b845da24be35ee2d62aca635017872a17b926e0f036ec347e78f219246c58fc3abef43305b8631f8218e09997c685d91105652c
  languageName: node
  linkType: hard

"@uppy/onedrive@npm:5.1.0, @uppy/onedrive@npm:^5.1.0":
  version: 5.1.0
  resolution: "@uppy/onedrive@npm:5.1.0"
  dependencies:
    "@uppy/companion-client": "npm:^5.1.1"
    "@uppy/provider-views": "npm:^5.2.0"
    "@uppy/utils": "npm:^7.1.4"
    preact: "npm:^10.5.13"
  peerDependencies:
    "@uppy/core": ^5.2.0
  checksum: 10c0/34a4d8a35156b799d2d451e826d5ee0efba9182570d2991c55e65cdef036cd1d9983ca6db81030e7a3444e1c68b784ce0d74b79a49d3f88cda79722b4c5b541b
  languageName: node
  linkType: hard

"@uppy/provider-views@npm:5.2.2, @uppy/provider-views@npm:^5.2.0, @uppy/provider-views@npm:^5.2.1, @uppy/provider-views@npm:^5.2.2":
  version: 5.2.2
  resolution: "@uppy/provider-views@npm:5.2.2"
  dependencies:
    "@uppy/utils": "npm:^7.1.5"
    classnames: "npm:^2.2.6"
    lodash: "npm:^4.17.21"
    nanoid: "npm:^5.0.9"
    p-queue: "npm:^8.0.0"
    preact: "npm:^10.5.13"
  peerDependencies:
    "@uppy/core": ^5.2.0
  checksum: 10c0/4f03f981474af036eda96f8c7a7bacbccf29eb7ce620307805b4e06f5a13f2b6fb690cfb66d2312b82b2ae823fb06cb8d562955f666e3ab07227b3a7785f63aa
  languageName: node
  linkType: hard

"@uppy/remote-sources@npm:3.1.0":
  version: 3.1.0
  resolution: "@uppy/remote-sources@npm:3.1.0"
  dependencies:
    "@uppy/box": "npm:^4.1.0"
    "@uppy/dashboard": "npm:^5.1.0"
    "@uppy/dropbox": "npm:^5.1.0"
    "@uppy/facebook": "npm:^5.1.0"
    "@uppy/google-drive": "npm:^5.1.0"
    "@uppy/instagram": "npm:^5.1.0"
    "@uppy/onedrive": "npm:^5.1.0"
    "@uppy/unsplash": "npm:^5.1.0"
    "@uppy/url": "npm:^5.1.0"
    "@uppy/zoom": "npm:^4.1.0"
  peerDependencies:
    "@uppy/core": ^5.2.0
  checksum: 10c0/1079c3229ec8d410dadd38a0190dd98d7a596c4e05f9641246e9ce48e8418fc7bc07817325cfa3a02701c50161fb481d4f0a28a7d9891a2ddf87be14628514d4
  languageName: node
  linkType: hard

"@uppy/screen-capture@npm:5.1.0":
  version: 5.1.0
  resolution: "@uppy/screen-capture@npm:5.1.0"
  dependencies:
    "@uppy/utils": "npm:^7.1.4"
    preact: "npm:^10.5.13"
  peerDependencies:
    "@uppy/core": ^5.2.0
  checksum: 10c0/8197b0edb052d75b49c3aa397a50b81ade86e2481a61224e17753f7fbd6079663062707d9876a3493cbd9c6cfdc39b8459082f57f0ca84f0f2c6e0752ef6d0b3
  languageName: node
  linkType: hard

"@uppy/status-bar@npm:5.1.0":
  version: 5.1.0
  resolution: "@uppy/status-bar@npm:5.1.0"
  dependencies:
    "@transloadit/prettier-bytes": "npm:^0.3.4"
    "@uppy/utils": "npm:^7.1.4"
    classnames: "npm:^2.2.6"
    preact: "npm:^10.5.13"
  peerDependencies:
    "@uppy/core": ^5.2.0
  checksum: 10c0/3d62c8392a425d680a7cd6c7975dadb0de3e374fc415c191571af39756c8a2b321251d075613248f04bdf806040bd45d2e88535c8c2eb6a8688d2a909f57c9e9
  languageName: node
  linkType: hard

"@uppy/store-default@npm:5.0.0, @uppy/store-default@npm:^5.0.0":
  version: 5.0.0
  resolution: "@uppy/store-default@npm:5.0.0"
  checksum: 10c0/dd1ae6ca2b92193ddcb54dffdd0e64484b8eb37efd27bd10fe54cdb361f35d1556021a0c7ed10e6675d5c3332e9bd6f2649b752de429b530397e629be2e5e494
  languageName: node
  linkType: hard

"@uppy/thumbnail-generator@npm:5.1.0, @uppy/thumbnail-generator@npm:^5.1.0":
  version: 5.1.0
  resolution: "@uppy/thumbnail-generator@npm:5.1.0"
  dependencies:
    "@uppy/utils": "npm:^7.1.4"
    exifr: "npm:^7.0.0"
  peerDependencies:
    "@uppy/core": ^5.2.0
  checksum: 10c0/e7b91e58246973f7ff023a5cdd483a88fdbf68b6e8951b5ff2c5f1fd115c2b3499e4562383e1f6616307fef52b4ab42f4a92becf8c77753da21ac93bc34ed1f0
  languageName: node
  linkType: hard

"@uppy/transloadit@npm:5.5.1, @uppy/transloadit@npm:^5.4.0":
  version: 5.5.1
  resolution: "@uppy/transloadit@npm:5.5.1"
  dependencies:
    "@transloadit/types": "npm:^4.1.3"
    "@uppy/tus": "npm:^5.1.1"
    "@uppy/utils": "npm:^7.2.0"
    component-emitter: "npm:^2.0.0"
  peerDependencies:
    "@uppy/core": ^5.2.0
  checksum: 10c0/eded01b88ffaf33473b9073c6452592f592f264c6e3297d8aa08b2313eaff961addada57cf00eee6ab955bd78ce516795a4600507fa7a2f942836b133c40d77b
  languageName: node
  linkType: hard

"@uppy/tus@npm:5.1.1, @uppy/tus@npm:^5.1.1":
  version: 5.1.1
  resolution: "@uppy/tus@npm:5.1.1"
  dependencies:
    "@uppy/companion-client": "npm:^5.1.1"
    "@uppy/utils": "npm:^7.1.5"
    tus-js-client: "npm:^4.2.3"
  peerDependencies:
    "@uppy/core": ^5.2.0
  checksum: 10c0/b2f7f6bbccea3b5e2052b97f924e04820528f988bec66720420ad4e95488824471267ecc0c5d8333066d85c51198fbef3ff510e508951c68c7bca1cbbbdbf787
  languageName: node
  linkType: hard

"@uppy/unsplash@npm:5.1.0, @uppy/unsplash@npm:^5.1.0":
  version: 5.1.0
  resolution: "@uppy/unsplash@npm:5.1.0"
  dependencies:
    "@uppy/companion-client": "npm:^5.1.1"
    "@uppy/provider-views": "npm:^5.2.0"
    "@uppy/utils": "npm:^7.1.4"
    preact: "npm:^10.5.13"
  peerDependencies:
    "@uppy/core": ^5.2.0
  checksum: 10c0/47983acbcacbb6130b6f053b3cfbeca618e1a3c95be1ec9839fa459e46693d822f69ef98602e627d0c16e5d0f531da040c5229cd738f6bae2d37261aa9d72bc1
  languageName: node
  linkType: hard

"@uppy/url@npm:5.1.0, @uppy/url@npm:^5.1.0":
  version: 5.1.0
  resolution: "@uppy/url@npm:5.1.0"
  dependencies:
    "@uppy/companion-client": "npm:^5.1.1"
    "@uppy/utils": "npm:^7.1.4"
    nanoid: "npm:^5.0.9"
    preact: "npm:^10.5.13"
  peerDependencies:
    "@uppy/core": ^5.2.0
  checksum: 10c0/00518e04442bd20fa62c11abb476669da78e4463eec1279fa591d00f8ed0cda2a4c78c79492adc16ce6e09fc25fd0cfb998bcf96f5d696614308b1ca3829bfed
  languageName: node
  linkType: hard

"@uppy/utils@npm:^7.1.1, @uppy/utils@npm:^7.1.4, @uppy/utils@npm:^7.1.5, @uppy/utils@npm:^7.2.0":
  version: 7.2.0
  resolution: "@uppy/utils@npm:7.2.0"
  dependencies:
    lodash: "npm:^4.17.23"
    preact: "npm:^10.26.10"
  checksum: 10c0/c3f6dc66498aa02002b2b3d58e67d8eecd9abae6d5e95624e90a896c27167a43db12a0564c840b392aed8f2626f19482f19bdf48d7ec68fb25c1f08f44f16cda
  languageName: node
  linkType: hard

"@uppy/webcam@npm:5.1.0":
  version: 5.1.0
  resolution: "@uppy/webcam@npm:5.1.0"
  dependencies:
    "@uppy/utils": "npm:^7.1.4"
    is-mobile: "npm:^4.0.0"
    preact: "npm:^10.5.13"
  peerDependencies:
    "@uppy/core": ^5.2.0
  checksum: 10c0/45ee1e158f48d71929fbd31c8dfdd44cb690471726664f6c961da84073af2807447d7ce70cac180bd8e41305a29778ca18d4c8b5c163f9ae44a5d1cdd26d37d4
  languageName: node
  linkType: hard

"@uppy/webdav@npm:1.1.1":
  version: 1.1.1
  resolution: "@uppy/webdav@npm:1.1.1"
  dependencies:
    "@uppy/companion-client": "npm:^5.1.1"
    "@uppy/provider-views": "npm:^5.2.1"
    "@uppy/utils": "npm:^7.1.4"
    preact: "npm:^10.5.13"
  peerDependencies:
    "@uppy/core": ^5.2.0
  checksum: 10c0/1c2daf7326691490563269792ca7670204410f74071dd814b05ea9aad46f1da3be161a6c0efcd3ce2c91aa4db98747b65cd9ddc081a091186ed6cf1776531d09
  languageName: node
  linkType: hard

"@uppy/xhr-upload@npm:5.2.0":
  version: 5.2.0
  resolution: "@uppy/xhr-upload@npm:5.2.0"
  dependencies:
    "@uppy/companion-client": "npm:^5.1.1"
    "@uppy/utils": "npm:^7.2.0"
  peerDependencies:
    "@uppy/core": ^5.2.0
  checksum: 10c0/dd8b9f4765078b9580c81eff8868844c91adc075468162d380d963b0e20b84951e81ac25a78c9aefc0b14c921d3b5cdba7ec53211dbcecc84219202ea5125dbc
  languageName: node
  linkType: hard

"@uppy/zoom@npm:4.1.0, @uppy/zoom@npm:^4.1.0":
  version: 4.1.0
  resolution: "@uppy/zoom@npm:4.1.0"
  dependencies:
    "@uppy/companion-client": "npm:^5.1.1"
    "@uppy/provider-views": "npm:^5.2.0"
    "@uppy/utils": "npm:^7.1.4"
    preact: "npm:^10.5.13"
  peerDependencies:
    "@uppy/core": ^5.2.0
  checksum: 10c0/662ffc6adb014b3a1fccba99cd51a0cf64e046b6bc8e20a6848eac392e9324c2c1383c1037f3ffa9eae9198eb977e021b19883a910486a3b0b2f8eb6976a34f8
  languageName: node
  linkType: hard

"@volo/abp.aspnetcore.mvc.ui.theme.commercial@npm:~10.3.0":
  version: 10.3.0
  resolution: "@volo/abp.aspnetcore.mvc.ui.theme.commercial@npm:10.3.0"
  dependencies:
    "@abp/aspnetcore.mvc.ui.theme.shared": "npm:~10.3.0"
  checksum: 10c0/d8787ac147d73f88d53949a222513010e71e49863ee5a45e93e95b44d8dc2c6c8ae270d03dafe59e7f7e55115b0cc2031a12ae3c439e6c0a1d2b8412968c4bab
  languageName: node
  linkType: hard

"@volo/abp.aspnetcore.mvc.ui.theme.leptonx@npm:~5.3.0":
  version: 5.3.0
  resolution: "@volo/abp.aspnetcore.mvc.ui.theme.leptonx@npm:5.3.0"
  dependencies:
    "@volo/abp.aspnetcore.mvc.ui.theme.commercial": "npm:~10.3.0"
  checksum: 10c0/0cdb1deffba1fdf102c1826853143cd7307d5c0bebe0c62c21da0cefb20df1f485654c39cd860f639eb2df74a06dc0024dab47844b6a25bbd6d6bbb85f61649e
  languageName: node
  linkType: hard

"@volo/account@npm:~10.3.0":
  version: 10.3.0
  resolution: "@volo/account@npm:10.3.0"
  dependencies:
    "@abp/cropperjs": "npm:~10.3.0"
    "@abp/qrcode": "npm:~10.3.0"
    "@abp/uppy": "npm:~10.3.0"
    "@abp/zxcvbn": "npm:~10.3.0"
    "@volo/abp.aspnetcore.mvc.ui.theme.commercial": "npm:~10.3.0"
  checksum: 10c0/e4be7ced6f907356ae594976eccb110123b403875d36a97e06a55aedd973c5d1e12c78da017ed7fb3c5cf85a8e00084ac7a675fd3fcc8ef8394374dc94647b06
  languageName: node
  linkType: hard

"ansi-colors@npm:^4.1.3":
  version: 4.1.3
  resolution: "ansi-colors@npm:4.1.3"
  checksum: 10c0/ec87a2f59902f74e61eada7f6e6fe20094a628dab765cfdbd03c3477599368768cffccdb5d3bb19a1b6c99126783a143b1fee31aab729b31ffe5836c7e5e28b9
  languageName: node
  linkType: hard

"blueimp-canvas-to-blob@npm:^3.29.0":
  version: 3.29.0
  resolution: "blueimp-canvas-to-blob@npm:3.29.0"
  checksum: 10c0/6c44cf20aa8287d4b31b2a6133074add338e4b8de092d2f7072a48cd5e04dead04814ffd34607f71dd7b3a285b5c8322c2e8c17776cfa20a1357df395862d646
  languageName: node
  linkType: hard

"bootstrap-datepicker@npm:^1.10.1":
  version: 1.10.1
  resolution: "bootstrap-datepicker@npm:1.10.1"
  dependencies:
    jquery: "npm:>=3.4.0 <4.0.0"
  checksum: 10c0/bad08e373b70040f4a62003b46dde2e5bd4a7b73aeffb1d504c0a1736b6beaccf56b908d565980491c7f4329377af8c4cfb7bff9c38480ea689210c7c308dc7d
  languageName: node
  linkType: hard

"bootstrap-daterangepicker@npm:^3.1.0":
  version: 3.1.0
  resolution: "bootstrap-daterangepicker@npm:3.1.0"
  dependencies:
    jquery: "npm:>=1.10"
    moment: "npm:^2.9.0"
  checksum: 10c0/ab54b5247df355d85d478c8a7e0f5cb299d0064a14722d4311d7147bc72a06c4391752f3b49a2ae0c1ff861c563d17a99042cf7b6056a2ad5986f30c8c85623e
  languageName: node
  linkType: hard

"bootstrap@npm:^5.3.8":
  version: 5.3.8
  resolution: "bootstrap@npm:5.3.8"
  peerDependencies:
    "@popperjs/core": ^2.11.8
  checksum: 10c0/0039a9df2c3e7bfa04f1abca199c299ff3b75869d578c0cb1721c6f1f203c91531788a5631ecbee01513481979314d0e4ba0d90c2011e6ce18fc2e0bc93e18d9
  languageName: node
  linkType: hard

"buffer-from@npm:^1.1.2":
  version: 1.1.2
  resolution: "buffer-from@npm:1.1.2"
  checksum: 10c0/124fff9d66d691a86d3b062eff4663fe437a9d9ee4b47b1b9e97f5a5d14f6d5399345db80f796827be7c95e70a8e765dd404b7c3ff3b3324f98e9b0c8826cc34
  languageName: node
  linkType: hard

"classnames@npm:^2.2.6":
  version: 2.5.1
  resolution: "classnames@npm:2.5.1"
  checksum: 10c0/afff4f77e62cea2d79c39962980bf316bacb0d7c49e13a21adaadb9221e1c6b9d3cdb829d8bb1b23c406f4e740507f37e1dcf506f7e3b7113d17c5bab787aa69
  languageName: node
  linkType: hard

"combine-errors@npm:^3.0.3":
  version: 3.0.3
  resolution: "combine-errors@npm:3.0.3"
  dependencies:
    custom-error-instance: "npm:2.1.1"
    lodash.uniqby: "npm:4.5.0"
  checksum: 10c0/6e7c04102596dfc43ddb252c8390e869e358fb6df3b027567b33f5d998fdb2ad84573ce30a3861feb84fdee1fc3da3c465d68e23f7ab39f98bbe846ca9f70c6d
  languageName: node
  linkType: hard

"component-emitter@npm:^2.0.0":
  version: 2.0.0
  resolution: "component-emitter@npm:2.0.0"
  checksum: 10c0/65dfaf787ea49eb48f0ffec766bda7ec67e8dbeb3b406f08724dcae842e0aa274731fcccb9280b77d2b41693061731a9080b60d276020246a146544cd9900b83
  languageName: node
  linkType: hard

"compressorjs@npm:^1.2.1":
  version: 1.3.0
  resolution: "compressorjs@npm:1.3.0"
  dependencies:
    blueimp-canvas-to-blob: "npm:^3.29.0"
    is-blob: "npm:^2.1.0"
  checksum: 10c0/76fe13bac63a32ccc148a6b03f1cd9ac81b794a0b3dad0aefad6b63ab4dec887f8d03ff0ed195d363f4ce214f68c147d4aae404928d35263d9656e7749869d0d
  languageName: node
  linkType: hard

"cropperjs@npm:^1.6.2":
  version: 1.6.2
  resolution: "cropperjs@npm:1.6.2"
  checksum: 10c0/5002e0cc3a491ceb8a104b2cb7a7c335a03e109fe590653f3aeefa27ca7115466edae62afc8ba21105bbaad4134583f5057ebbf5e8d843c7b2c1c1f0779630e9
  languageName: node
  linkType: hard

"custom-error-instance@npm:2.1.1":
  version: 2.1.1
  resolution: "custom-error-instance@npm:2.1.1"
  checksum: 10c0/c4f68550ae88426c49810846c62651438f04a10462c4d8667c089fb9264bcf1723c9b188e3f1d7791d727b0e5aa48ed1de0415eef50d43ea078517844296b85e
  languageName: node
  linkType: hard

"datatables.net-bs5@npm:^2.3.4":
  version: 2.3.8
  resolution: "datatables.net-bs5@npm:2.3.8"
  dependencies:
    datatables.net: "npm:2.3.8"
    jquery: "npm:>=1.7"
  checksum: 10c0/6c105d60ad94ba3a72369d9eef79483e9a3a2d449f300853d2a24e5ccd1989095120c842df38576c0c8463c13784169c02e8ed316f9c35eb74f03c395da12e68
  languageName: node
  linkType: hard

"datatables.net@npm:2.3.8, datatables.net@npm:^2.3.4":
  version: 2.3.8
  resolution: "datatables.net@npm:2.3.8"
  dependencies:
    jquery: "npm:>=1.7"
  checksum: 10c0/3b82b4a47cbe053c8a8ad9eca41db4facb1e5c576e54b589102dacd0b7ab7b727c760534dcc5e4be7f34ec1b47424fed2cfd32a0bec82b728cca7732689eb748
  languageName: node
  linkType: hard

"eventemitter3@npm:^5.0.1":
  version: 5.0.4
  resolution: "eventemitter3@npm:5.0.4"
  checksum: 10c0/575b8cac8d709e1473da46f8f15ef311b57ff7609445a7c71af5cd42598583eee6f098fa7a593e30f27e94b8865642baa0689e8fa97c016f742abdb3b1bf6d9a
  languageName: node
  linkType: hard

"exifr@npm:^7.0.0":
  version: 7.1.3
  resolution: "exifr@npm:7.1.3"
  checksum: 10c0/296d66941a402f2abc42c622240c8fe943f6f7ff0526ec7aab5fe38e190cca41dadb1d5c4015ebb302ded346429524ed984b93b99815c55b3d9cc00237cee82a
  languageName: node
  linkType: hard

"get-form-data@npm:^3.0.0":
  version: 3.0.0
  resolution: "get-form-data@npm:3.0.0"
  checksum: 10c0/9fb47fb845697af25ecf69ec0b7a226caed24b2da74ff31a5bd2a95da96fd8051e0f0504cbd9785de06fac9c363b544f04e3e18838c3a541fbdc6fd31f1567cd
  languageName: node
  linkType: hard

"graceful-fs@npm:^4.2.4":
  version: 4.2.11
  resolution: "graceful-fs@npm:4.2.11"
  checksum: 10c0/386d011a553e02bc594ac2ca0bd6d9e4c22d7fa8cfbfc448a6d148c59ea881b092db9dbe3547ae4b88e55f1b01f7c4a2ecc53b310c042793e63aa44cf6c257f2
  languageName: node
  linkType: hard

"is-blob@npm:^2.1.0":
  version: 2.1.0
  resolution: "is-blob@npm:2.1.0"
  checksum: 10c0/324eb4dc16a359acf14c56c0f65a031c9ddb6ec8ca651894783abe3f3252688facd9e02edeb756eddca0c8ddb5b1efd0af97ea7d3c7b8567fc29fa75f9b1a159
  languageName: node
  linkType: hard

"is-mobile@npm:^4.0.0":
  version: 4.0.0
  resolution: "is-mobile@npm:4.0.0"
  checksum: 10c0/7d1f1c9ead3f140728318df7b1d6f2f19f28d96bf09c3a9016fe473ccccd32c4d03a01aeec68b612d48f1c0f776e7f1f18a1d83a7e95fb8199b4eb8536db01bc
  languageName: node
  linkType: hard

"is-network-error@npm:^1.0.0":
  version: 1.3.1
  resolution: "is-network-error@npm:1.3.1"
  checksum: 10c0/389b4a4cc6838bc5764c1d4ab8af11ec68c63825d53f7ce9f5a31aa4d2c9e5d33896c052f4c44100911e8db47bcf854c4aae6c03d6b1d84700f7c6aa72d16693
  languageName: node
  linkType: hard

"is-stream@npm:^2.0.0":
  version: 2.0.1
  resolution: "is-stream@npm:2.0.1"
  checksum: 10c0/7c284241313fc6efc329b8d7f08e16c0efeb6baab1b4cd0ba579eb78e5af1aa5da11e68559896a2067cd6c526bd29241dda4eb1225e627d5aa1a89a76d4635a5
  languageName: node
  linkType: hard

"jquery-mousewheel@npm:>=3.0.6":
  version: 3.2.2
  resolution: "jquery-mousewheel@npm:3.2.2"
  dependencies:
    jquery: "npm:>=1.2.6"
  checksum: 10c0/a8b45ae7759ce14134284cb6a2f2446f16d43325550c2e25653de572ca3e197b471b8322afb11ec114ab3b0f26b7072a7b47de7ed6617e9417328a94eac30740
  languageName: node
  linkType: hard

"jquery-validation-unobtrusive@npm:^4.0.0":
  version: 4.0.0
  resolution: "jquery-validation-unobtrusive@npm:4.0.0"
  dependencies:
    jquery: "npm:^3.6.0"
    jquery-validation: "npm:>=1.19"
  checksum: 10c0/17d28abec3759c1b615bfd6aaa87fea8ac2bea5c925fc1cab90da3e9c76d9feb29740877936ef41ed073eecc4f3a1a6b415f29cd00605fa02deb77427395646e
  languageName: node
  linkType: hard

"jquery-validation@npm:>=1.19, jquery-validation@npm:^1.21.0":
  version: 1.22.1
  resolution: "jquery-validation@npm:1.22.1"
  peerDependencies:
    jquery: ^1.7 || ^2.0 || ^3.1 || ^4.0
  checksum: 10c0/abcb9d5d70646ecd4d8d8941ae0d1f6d4ac206f241efe6ce10bdebc73292160ddafda8908d1fb64d1bb893ea4edea7b9bdd52e8615b8ab04234a5340dc1480f8
  languageName: node
  linkType: hard

"jquery@npm:3.7.1":
  version: 3.7.1
  resolution: "jquery@npm:3.7.1"
  checksum: 10c0/808cfbfb758438560224bf26e17fcd5afc7419170230c810dd11f5c1792e2263e2970cca8d659eb84fcd9acc301edb6d310096e450277d54be4f57071b0c82d9
  languageName: node
  linkType: hard

"js-base64@npm:^3.7.2":
  version: 3.7.8
  resolution: "js-base64@npm:3.7.8"
  checksum: 10c0/a4452a7e7f32b0ef568a344157efec00c14593bbb1cf0c113f008dddff7ec515b35147af0cd70a7735adb69a2a2bdee921adffea2ea465e2c856ba50d649b11e
  languageName: node
  linkType: hard

"just-compare@npm:^2.3.0":
  version: 2.3.0
  resolution: "just-compare@npm:2.3.0"
  checksum: 10c0/f99853b608c06bc36f3727220b159626a16c4ac890216725db83dd06d99d6cd1d5e8c3a2ab02072a39350f44d07745c14918be0db4aff74b744ed787712adeec
  languageName: node
  linkType: hard

"lodash._baseiteratee@npm:~4.7.0":
  version: 4.7.0
  resolution: "lodash._baseiteratee@npm:4.7.0"
  dependencies:
    lodash._stringtopath: "npm:~4.8.0"
  checksum: 10c0/67f80e6878444e44e3cc6e779941c78da2bfa02413e305b5bfbe612e6ddedbbb05bda025e673014d734b79d69db911c7cfaf25dbc05abc56356eccc90e1e59e3
  languageName: node
  linkType: hard

"lodash._basetostring@npm:~4.12.0":
  version: 4.12.0
  resolution: "lodash._basetostring@npm:4.12.0"
  checksum: 10c0/08d4f8affb3cfed7cc50bbe35d35605597bd72c05e6ed0696122b0a4da242de1b5f5396e986645f46a97e976d6f7b4943a001b002a4e2b3b8ea087949dc9eb98
  languageName: node
  linkType: hard

"lodash._baseuniq@npm:~4.6.0":
  version: 4.6.0
  resolution: "lodash._baseuniq@npm:4.6.0"
  dependencies:
    lodash._createset: "npm:~4.0.0"
    lodash._root: "npm:~3.0.0"
  checksum: 10c0/07e2ac63efde634685ed12b16664ee04931b258cd2511b703fddd9ddfc624a85542e3f03a6c2fdac369c00559296198daa8efffaf90d71c7a35f5c89f94ebb14
  languageName: node
  linkType: hard

"lodash._createset@npm:~4.0.0":
  version: 4.0.3
  resolution: "lodash._createset@npm:4.0.3"
  checksum: 10c0/6144f59a63cedb8bf2840970579dc7dfdad55970741a80f9a6e5c6b29b629fc204c846e54e29266ec24b41e3f680bcbeb9fe9332fb9f2bab71eb9c70cacd26d8
  languageName: node
  linkType: hard

"lodash._root@npm:~3.0.0":
  version: 3.0.1
  resolution: "lodash._root@npm:3.0.1"
  checksum: 10c0/679c8a570381795b6953ec8c680442acb5472c5b399263ed4ea6839630cf4dd5d65aa8c2a0f6934507fc5bc70f2af20bc430cbd847728b8c1672db95555edb51
  languageName: node
  linkType: hard

"lodash._stringtopath@npm:~4.8.0":
  version: 4.8.0
  resolution: "lodash._stringtopath@npm:4.8.0"
  dependencies:
    lodash._basetostring: "npm:~4.12.0"
  checksum: 10c0/5e3a58a97b481a9069fc43ca6ddeace83891e3d9cff8d36400064c85977c225621a9c52131224d64632a054a7c19d8ca7b2f0f5bfc983402564bd2a5e49d8672
  languageName: node
  linkType: hard

"lodash.throttle@npm:^4.1.1":
  version: 4.1.1
  resolution: "lodash.throttle@npm:4.1.1"
  checksum: 10c0/14628013e9e7f65ac904fc82fd8ecb0e55a9c4c2416434b1dd9cf64ae70a8937f0b15376a39a68248530adc64887ed0fe2b75204b2c9ec3eea1cb2d66ddd125d
  languageName: node
  linkType: hard

"lodash.uniqby@npm:4.5.0":
  version: 4.5.0
  resolution: "lodash.uniqby@npm:4.5.0"
  dependencies:
    lodash._baseiteratee: "npm:~4.7.0"
    lodash._baseuniq: "npm:~4.6.0"
  checksum: 10c0/4f479ec2dd92825c2a308986d3613e32fe02b13dffc5d0998cbb1ef4eeee56835f13a88e093c7a88473fa72cf5ffd37f807f5ae2d9496e738d776c1911fdabc8
  languageName: node
  linkType: hard

"lodash@npm:^4.17.21, lodash@npm:^4.17.23":
  version: 4.18.1
  resolution: "lodash@npm:4.18.1"
  checksum: 10c0/757228fc68805c59789e82185135cf85f05d0b2d3d54631d680ca79ec21944ec8314d4533639a14b8bcfbd97a517e78960933041a5af17ecb693ec6eecb99a27
  languageName: node
  linkType: hard

"luxon@npm:^3.7.2":
  version: 3.7.2
  resolution: "luxon@npm:3.7.2"
  checksum: 10c0/ed8f0f637826c08c343a29dd478b00628be93bba6f068417b1d8896b61cb61c6deacbe1df1e057dbd9298334044afa150f9aaabbeb3181418ac8520acfdc2ae2
  languageName: node
  linkType: hard

"malihu-custom-scrollbar-plugin@npm:^3.1.5":
  version: 3.1.5
  resolution: "malihu-custom-scrollbar-plugin@npm:3.1.5"
  dependencies:
    jquery-mousewheel: "npm:>=3.0.6"
  checksum: 10c0/f0eeb2cf7c53dfe3c02c11e9dc7ca0221101050beaca6b779c07bde2381bd599f0084158a2188c91dc8a2dd7eb9450db5af5063dbb31d65a0deefa29a1c9df99
  languageName: node
  linkType: hard

"mime-match@npm:^1.0.2":
  version: 1.0.2
  resolution: "mime-match@npm:1.0.2"
  dependencies:
    wildcard: "npm:^1.1.0"
  checksum: 10c0/f7f465246abe7798ed4b2072d9474fe86c8bbee6ea6169abb22eceab4a9752b0393272be3efd8620d3214d421a55420663416a1b4e728daba0f431da55030309
  languageName: node
  linkType: hard

"moment@npm:^2.30.1, moment@npm:^2.9.0":
  version: 2.30.1
  resolution: "moment@npm:2.30.1"
  checksum: 10c0/865e4279418c6de666fca7786607705fd0189d8a7b7624e2e56be99290ac846f90878a6f602e34b4e0455c549b85385b1baf9966845962b313699e7cb847543a
  languageName: node
  linkType: hard

"my-app@workspace:.":
  version: 0.0.0-use.local
  resolution: "my-app@workspace:."
  dependencies:
    "@volo/abp.aspnetcore.mvc.ui.theme.leptonx": "npm:~5.3.0"
    "@volo/account": "npm:~10.3.0"
  languageName: unknown
  linkType: soft

"namespace-emitter@npm:^2.0.1":
  version: 2.0.1
  resolution: "namespace-emitter@npm:2.0.1"
  checksum: 10c0/847fdc3cc68fc9ba0f8959f240bf530f5c0b33c679079aa7756a39954cfef13f397bb4e4209387032a73f10a73684c75df7c6f60794e03c2b5786eda57bea756
  languageName: node
  linkType: hard

"nanoid@npm:^5.0.9":
  version: 5.1.11
  resolution: "nanoid@npm:5.1.11"
  bin:
    nanoid: bin/nanoid.js
  checksum: 10c0/91580d18c29263ac0e871734f0d86e7f906f523f974d3c30fc65354ccf387ccffd606c2a6c28acc2977a3950146347e790ce9e3f514133a48995af5ccdb308ce
  languageName: node
  linkType: hard

"p-queue@npm:^8.0.0":
  version: 8.1.1
  resolution: "p-queue@npm:8.1.1"
  dependencies:
    eventemitter3: "npm:^5.0.1"
    p-timeout: "npm:^6.1.2"
  checksum: 10c0/7732a6a0fbb67b388ae71a3f4a114c79291f2f466fe31929749aaa237c6ca13b7c3075785b4a16812ec3ed65107944421e6dd7c02a8dceefb69f8c5cc3c7652d
  languageName: node
  linkType: hard

"p-retry@npm:^6.1.0":
  version: 6.2.1
  resolution: "p-retry@npm:6.2.1"
  dependencies:
    "@types/retry": "npm:0.12.2"
    is-network-error: "npm:^1.0.0"
    retry: "npm:^0.13.1"
  checksum: 10c0/10d014900107da2c7071ad60fffe4951675f09930b7a91681643ea224ae05649c05001d9e78436d902fe8b116d520dd1f60e72e091de097e2640979d56f3fb60
  languageName: node
  linkType: hard

"p-timeout@npm:^6.1.2":
  version: 6.1.4
  resolution: "p-timeout@npm:6.1.4"
  checksum: 10c0/019edad1c649ab07552aa456e40ce7575c4b8ae863191477f02ac8d283ac8c66cedef0ca93422735130477a051dfe952ba717641673fd3599befdd13f63bcc33
  languageName: node
  linkType: hard

"preact@npm:^10.26.10, preact@npm:^10.5.13":
  version: 10.29.1
  resolution: "preact@npm:10.29.1"
  checksum: 10c0/55da3994d0d9ebcc26476552c6571f8be1150cccdafe842aad40eff9abc84c867555f6d01db386fc63ac4cbe9f9da245002468bb24df0642365162d8f1b545e2
  languageName: node
  linkType: hard

"promise-queue@npm:^2.2.5":
  version: 2.2.5
  resolution: "promise-queue@npm:2.2.5"
  checksum: 10c0/6b29c1c717399c7e10d9527f3a6af74ea7f811aa297dab27c22e5718a824b1cb012d179e1f5d609bf2db051aaf49630fe8222317dedc2174b24971026ab39969
  languageName: node
  linkType: hard

"proper-lockfile@npm:^4.1.2":
  version: 4.1.2
  resolution: "proper-lockfile@npm:4.1.2"
  dependencies:
    graceful-fs: "npm:^4.2.4"
    retry: "npm:^0.12.0"
    signal-exit: "npm:^3.0.2"
  checksum: 10c0/2f265dbad15897a43110a02dae55105c04d356ec4ed560723dcb9f0d34bc4fb2f13f79bb930e7561be10278e2314db5aca2527d5d3dcbbdee5e6b331d1571f6d
  languageName: node
  linkType: hard

"querystringify@npm:^2.1.1":
  version: 2.2.0
  resolution: "querystringify@npm:2.2.0"
  checksum: 10c0/3258bc3dbdf322ff2663619afe5947c7926a6ef5fb78ad7d384602974c467fadfc8272af44f5eb8cddd0d011aae8fabf3a929a8eee4b86edcc0a21e6bd10f9aa
  languageName: node
  linkType: hard

"requires-port@npm:^1.0.0":
  version: 1.0.0
  resolution: "requires-port@npm:1.0.0"
  checksum: 10c0/b2bfdd09db16c082c4326e573a82c0771daaf7b53b9ce8ad60ea46aa6e30aaf475fe9b164800b89f93b748d2c234d8abff945d2551ba47bf5698e04cd7713267
  languageName: node
  linkType: hard

"retry@npm:^0.12.0":
  version: 0.12.0
  resolution: "retry@npm:0.12.0"
  checksum: 10c0/59933e8501727ba13ad73ef4a04d5280b3717fd650408460c987392efe9d7be2040778ed8ebe933c5cbd63da3dcc37919c141ef8af0a54a6e4fca5a2af177bfe
  languageName: node
  linkType: hard

"retry@npm:^0.13.1":
  version: 0.13.1
  resolution: "retry@npm:0.13.1"
  checksum: 10c0/9ae822ee19db2163497e074ea919780b1efa00431d197c7afdb950e42bf109196774b92a49fc9821f0b8b328a98eea6017410bfc5e8a0fc19c85c6d11adb3772
  languageName: node
  linkType: hard

"select2@npm:^4.0.13":
  version: 4.0.13
  resolution: "select2@npm:4.0.13"
  checksum: 10c0/a393866565a5f878ca21276ed32793595851debb35ff48a8c368640e732619349f547d335b438b45ff5647145eb6c5af868cd5153740de58306a2dca2498550f
  languageName: node
  linkType: hard

"shallow-equal@npm:^3.0.0":
  version: 3.1.0
  resolution: "shallow-equal@npm:3.1.0"
  checksum: 10c0/57079f8741a86b25229b58b86df5d503414aca324e486ec7ddb2423db65914c80c8282149ef66a6803092847dc0d840da8fc338ea5027bbf4fc877f944df9bf6
  languageName: node
  linkType: hard

"signal-exit@npm:^3.0.2":
  version: 3.0.7
  resolution: "signal-exit@npm:3.0.7"
  checksum: 10c0/25d272fa73e146048565e08f3309d5b942c1979a6f4a58a8c59d5fa299728e9c2fcd1a759ec870863b1fd38653670240cd420dad2ad9330c71f36608a6a1c912
  languageName: node
  linkType: hard

"sweetalert2@npm:^11.23.0":
  version: 11.26.24
  resolution: "sweetalert2@npm:11.26.24"
  checksum: 10c0/f002ff982f2cfe48ff24e2faefd990776d7ad38e6d13024fdbdd178f464154061d665682102ddfcb9a65c15019011c6ddae67a93416d4b07716fce77fe9a8484
  languageName: node
  linkType: hard

"timeago@npm:^1.6.7":
  version: 1.6.7
  resolution: "timeago@npm:1.6.7"
  dependencies:
    jquery: "npm:>=1.5.0 <4.0"
  checksum: 10c0/e5337d3d071590d4c75a101d50b2651153f5a25212e4c37476533f8cd4bc014fb335934b4290deef06842bf3df14181e83a81e099038efc535d59d191abac2c6
  languageName: node
  linkType: hard

"tus-js-client@npm:^4.2.3":
  version: 4.3.1
  resolution: "tus-js-client@npm:4.3.1"
  dependencies:
    buffer-from: "npm:^1.1.2"
    combine-errors: "npm:^3.0.3"
    is-stream: "npm:^2.0.0"
    js-base64: "npm:^3.7.2"
    lodash.throttle: "npm:^4.1.1"
    proper-lockfile: "npm:^4.1.2"
    url-parse: "npm:^1.5.7"
  checksum: 10c0/db36ec17cff0217f1199b84f355f8aa07abab47d98d003926f67d9bad08e15e77c3ef61f98aa360133f27ad4944cf519170ff5b5eb5b93a8a762c28dd49df59d
  languageName: node
  linkType: hard

"uppy@npm:^5.1.2":
  version: 5.2.4
  resolution: "uppy@npm:5.2.4"
  dependencies:
    "@uppy/audio": "npm:3.1.0"
    "@uppy/aws-s3": "npm:5.1.0"
    "@uppy/box": "npm:4.1.0"
    "@uppy/companion-client": "npm:5.1.1"
    "@uppy/compressor": "npm:3.1.0"
    "@uppy/core": "npm:5.2.0"
    "@uppy/dashboard": "npm:5.1.1"
    "@uppy/drag-drop": "npm:5.1.0"
    "@uppy/drop-target": "npm:4.1.0"
    "@uppy/dropbox": "npm:5.1.0"
    "@uppy/facebook": "npm:5.1.0"
    "@uppy/form": "npm:5.1.0"
    "@uppy/golden-retriever": "npm:5.2.1"
    "@uppy/google-drive": "npm:5.1.0"
    "@uppy/google-drive-picker": "npm:1.1.1"
    "@uppy/google-photos-picker": "npm:1.1.0"
    "@uppy/image-editor": "npm:4.2.0"
    "@uppy/image-generator": "npm:1.0.0"
    "@uppy/instagram": "npm:5.1.0"
    "@uppy/locales": "npm:5.1.1"
    "@uppy/onedrive": "npm:5.1.0"
    "@uppy/provider-views": "npm:5.2.2"
    "@uppy/remote-sources": "npm:3.1.0"
    "@uppy/screen-capture": "npm:5.1.0"
    "@uppy/status-bar": "npm:5.1.0"
    "@uppy/store-default": "npm:5.0.0"
    "@uppy/thumbnail-generator": "npm:5.1.0"
    "@uppy/transloadit": "npm:5.5.1"
    "@uppy/tus": "npm:5.1.1"
    "@uppy/unsplash": "npm:5.1.0"
    "@uppy/url": "npm:5.1.0"
    "@uppy/webcam": "npm:5.1.0"
    "@uppy/webdav": "npm:1.1.1"
    "@uppy/xhr-upload": "npm:5.2.0"
    "@uppy/zoom": "npm:4.1.0"
  checksum: 10c0/77a8c581eb699d5a4dfd1ad31fa3f73652396c002f3aa3412b1aff9d88ed251dad7f94f2d00b4cebbc051ff637d42a8984013afecee69d60a5c9dde309c75d01
  languageName: node
  linkType: hard

"url-parse@npm:^1.5.7":
  version: 1.5.10
  resolution: "url-parse@npm:1.5.10"
  dependencies:
    querystringify: "npm:^2.1.1"
    requires-port: "npm:^1.0.0"
  checksum: 10c0/bd5aa9389f896974beb851c112f63b466505a04b4807cea2e5a3b7092f6fbb75316f0491ea84e44f66fed55f1b440df5195d7e3a8203f64fcefa19d182f5be87
  languageName: node
  linkType: hard

"wildcard@npm:^1.1.0":
  version: 1.1.2
  resolution: "wildcard@npm:1.1.2"
  checksum: 10c0/4051a90884f60c2e7eed81811cbb21b2de37986c0f2f82f081b2a43b9693d5d240e80a98ede68a6fa3fb0779bcdf26720e954a890de26ae4e73ee5f04e233649
  languageName: node
  linkType: hard

"zxcvbn@npm:^4.4.2":
  version: 4.4.2
  resolution: "zxcvbn@npm:4.4.2"
  checksum: 10c0/862f101cc95247b30290bad67ade333e430a16763bb771ce4e4c5414396d987f9a64288225675c96bd6f8d3eba65da0dee119b2a4eaa2e249da3f540b036942e
  languageName: node
  linkType: hard
